
Microsoft Visual Studio Solution File, Format Version 12.00
# Visual Studio Version 16
VisualStudioVersion = 16.0.32510.428
MinimumVisualStudioVersion = 10.0.40219.1
Project("{FAE04EC0-301F-11D3-BF4B-00C04F79EFBC}") = "Tp5.UI", "Tp5.UI\Tp5.UI.csproj", "{392236C2-40E4-4173-A03D-EF4CA6368E25}"
EndProject
Project("{FAE04EC0-301F-11D3-BF4B-00C04F79EFBC}") = "Tp5.Data", "Tp5.Data\Tp5.Data.csproj", "{00027C8A-C3E4-44F4-A0BD-E7CE63343105}"
EndProject
Project("{FAE04EC0-301F-11D3-BF4B-00C04F79EFBC}") = "Tp5.Entities", "Tp5.Entities\Tp5.Entities.csproj", "{2DCFC464-E859-4EF0-BFB6-F8AC056DA784}"
EndProject
Project("{FAE04EC0-301F-11D3-BF4B-00C04F79EFBC}") = "Tp5.Logic", "Tp5.Logic\Tp5.Logic.csproj", "{730AE555-05A2-4609-9D0C-C51D3B04AFE6}"
EndProject
Global
	GlobalSection(SolutionConfigurationPlatforms) = preSolution
		Debug|Any CPU = Debug|Any CPU
		Release|Any CPU = Release|Any CPU
	EndGlobalSection
	GlobalSection(ProjectConfigurationPlatforms) = postSolution
		{392236C2-40E4-4173-A03D-EF4CA6368E25}.Debug|Any CPU.ActiveCfg = Debug|Any CPU
		{392236C2-40E4-4173-A03D-EF4CA6368E25}.Debug|Any CPU.Build.0 = Debug|Any CPU
		{392236C2-40E4-4173-A03D-EF4CA6368E25}.Release|Any CPU.ActiveCfg = Release|Any CPU
		{392236C2-40E4-4173-A03D-EF4CA6368E25}.Release|Any CPU.Build.0 = Release|Any CPU
		{00027C8A-C3E4-44F4-A0BD-E7CE63343105}.Debug|Any CPU.ActiveCfg = Debug|Any CPU
		{00027C8A-C3E4-44F4-A0BD-E7CE63343105}.Debug|Any CPU.Build.0 = Debug|Any CPU
		{00027C8A-C3E4-44F4-A0BD-E7CE63343105}.Release|Any CPU.ActiveCfg = Release|Any CPU
		{00027C8A-C3E4-44F4-A0BD-E7CE63343105}.Release|Any CPU.Build.0 = Release|Any CPU
		{2DCFC464-E859-4EF0-BFB6-F8AC056DA784}.Debug|Any CPU.ActiveCfg = Debug|Any CPU
		{2DCFC464-E859-4EF0-BFB6-F8AC056DA784}.Debug|Any CPU.Build.0 = Debug|Any CPU
		{2DCFC464-E859-4EF0-BFB6-F8AC056DA784}.Release|Any CPU.ActiveCfg = Release|Any CPU
		{2DCFC464-E859-4EF0-BFB6-F8AC056DA784}.Release|Any CPU.Build.0 = Release|Any CPU
		{730AE555-05A2-4609-9D0C-C51D3B04AFE6}.Debug|Any CPU.ActiveCfg = Debug|Any CPU
		{730AE555-05A2-4609-9D0C-C51D3B04AFE6}.Debug|Any CPU.Build.0 = Debug|Any CPU
		{730AE555-05A2-4609-9D0C-C51D3B04AFE6}.Release|Any CPU.ActiveCfg = Release|Any CPU
		{730AE555-05A2-4609-9D0C-C51D3B04AFE6}.Release|Any CPU.Build.0 = Release|Any CPU
	EndGlobalSection
	GlobalSection(SolutionProperties) = preSolution
		HideSolutionNode = FALSE
	EndGlobalSection
	GlobalSection(ExtensibilityGlobals) = postSolution
		SolutionGuid = {0B69AC85-9C1F-4911-9123-DF40FCA150CB}
	EndGlobalSection
EndGlobal
